
Microsoft Visual Studio Solution File, Format Version 12.00
# Visual Studio Version 17
VisualStudioVersion = 17.13.35828.75 d17.13
MinimumVisualStudioVersion = 10.0.40219.1
Project("{FAE04EC0-301F-11D3-BF4B-00C04F79EFBC}") = "TodoList.App", "TodoList.App\TodoList.App.csproj", "{C35125FC-B17C-4D9A-A0A1-69CE1E2DCDAB}"
EndProject
Global
	GlobalSection(SolutionConfigurationPlatforms) = preSolution
		Debug|Any CPU = Debug|Any CPU
		Release|Any CPU = Release|Any CPU
	EndGlobalSection
	GlobalSection(ProjectConfigurationPlatforms) = postSolution
		{C35125FC-B17C-4D9A-A0A1-69CE1E2DCDAB}.Debug|Any CPU.ActiveCfg = Debug|Any CPU
		{C35125FC-B17C-4D9A-A0A1-69CE1E2DCDAB}.Debug|Any CPU.Build.0 = Debug|Any CPU
		{C35125FC-B17C-4D9A-A0A1-69CE1E2DCDAB}.Release|Any CPU.ActiveCfg = Release|Any CPU
		{C35125FC-B17C-4D9A-A0A1-69CE1E2DCDAB}.Release|Any CPU.Build.0 = Release|Any CPU
	EndGlobalSection
	GlobalSection(SolutionProperties) = preSolution
		HideSolutionNode = FALSE
	EndGlobalSection
	GlobalSection(ExtensibilityGlobals) = postSolution
		SolutionGuid = {609956CA-4B32-45E1-A526-6DFD14B4A3DA}
	EndGlobalSection
EndGlobal
